
Microsoft Visual Studio Solution File, Format Version 12.00
# Visual Studio Version 16
VisualStudioVersion = 16.0.31729.503
MinimumVisualStudioVersion = 10.0.40219.1
Project("{FAE04EC0-301F-11D3-BF4B-00C04F79EFBC}") = "SoftAML_UpperLinkAPI", "SoftAML_UpperLinkAPI\SoftAML_UpperLinkAPI.csproj", "{D3F61553-41AB-4B05-85FC-3E4D12D00438}"
EndProject
Global
	GlobalSection(SolutionConfigurationPlatforms) = preSolution
		Debug|Any CPU = Debug|Any CPU
		Release|Any CPU = Release|Any CPU
	EndGlobalSection
	GlobalSection(ProjectConfigurationPlatforms) = postSolution
		{D3F61553-41AB-4B05-85FC-3E4D12D00438}.Debug|Any CPU.ActiveCfg = Debug|Any CPU
		{D3F61553-41AB-4B05-85FC-3E4D12D00438}.Debug|Any CPU.Build.0 = Debug|Any CPU
		{D3F61553-41AB-4B05-85FC-3E4D12D00438}.Release|Any CPU.ActiveCfg = Release|Any CPU
		{D3F61553-41AB-4B05-85FC-3E4D12D00438}.Release|Any CPU.Build.0 = Release|Any CPU
	EndGlobalSection
	GlobalSection(SolutionProperties) = preSolution
		HideSolutionNode = FALSE
	EndGlobalSection
	GlobalSection(ExtensibilityGlobals) = postSolution
		SolutionGuid = {87103DA3-C518-4930-AD44-F9DA690B69C3}
	EndGlobalSection
EndGlobal
